
Microsoft Visual Studio Solution File, Format Version 12.00
# Visual Studio Version 16
VisualStudioVersion = 16.0.29519.181
MinimumVisualStudioVersion = 10.0.40219.1
Project("{FAE04EC0-301F-11D3-BF4B-00C04F79EFBC}") = "ThemeSample", "ThemeSample\ThemeSample.csproj", "{C858613C-6980-4E48-A2EC-82719B49CE2A}"
EndProject
Project("{FAE04EC0-301F-11D3-BF4B-00C04F79EFBC}") = "Kanami.Windows.Froms.Controls", "Kanami.Windows.Froms.Controls\Kanami.Windows.Froms.Controls.csproj", "{651A926E-DA83-4F55-97AA-838085D4494A}"
EndProject
Global
	GlobalSection(SolutionConfigurationPlatforms) = preSolution
		Debug|Any CPU = Debug|Any CPU
		Release|Any CPU = Release|Any CPU
	EndGlobalSection
	GlobalSection(ProjectConfigurationPlatforms) = postSolution
		{C858613C-6980-4E48-A2EC-82719B49CE2A}.Debug|Any CPU.ActiveCfg = Debug|Any CPU
		{C858613C-6980-4E48-A2EC-82719B49CE2A}.Debug|Any CPU.Build.0 = Debug|Any CPU
		{C858613C-6980-4E48-A2EC-82719B49CE2A}.Release|Any CPU.ActiveCfg = Release|Any CPU
		{C858613C-6980-4E48-A2EC-82719B49CE2A}.Release|Any CPU.Build.0 = Release|Any CPU
		{651A926E-DA83-4F55-97AA-838085D4494A}.Debug|Any CPU.ActiveCfg = Debug|Any CPU
		{651A926E-DA83-4F55-97AA-838085D4494A}.Debug|Any CPU.Build.0 = Debug|Any CPU
		{651A926E-DA83-4F55-97AA-838085D4494A}.Release|Any CPU.ActiveCfg = Release|Any CPU
		{651A926E-DA83-4F55-97AA-838085D4494A}.Release|Any CPU.Build.0 = Release|Any CPU
	EndGlobalSection
	GlobalSection(SolutionProperties) = preSolution
		HideSolutionNode = FALSE
	EndGlobalSection
	GlobalSection(ExtensibilityGlobals) = postSolution
		SolutionGuid = {5401E340-EB71-466B-9001-01BC415DA9A8}
	EndGlobalSection
EndGlobal
